{
  "requires": true,
  "lockfileVersion": 1,
  "dependencies": {
    "formality-lang": {
      "version": "0.4.113",
      "resolved": "https://registry.npmjs.org/formality-lang/-/formality-lang-0.4.113.tgz",
      "integrity": "sha512-M/Zi3U1f5viAsYvkJPCoeNgcfu++mLrqFYxo+OrGkF6E+qHQo4NRKMfQvVsAXwM+o+r7tOjyVQNKWY8J8Gotbg==",
      "requires": {
        "xmlhttprequest": "^1.8.0"
      }
    },
    "xmlhttprequest": {
      "version": "1.8.0",
      "resolved": "https://registry.npmjs.org/xmlhttprequest/-/xmlhttprequest-1.8.0.tgz",
      "integrity": "sha1-Z/4HXFwk/vOfnWX197f+dRcZaPw="
    }
  }
}
